// !$*UTF8*$!
{
	archiveVersion = 1;
	classes = {
	};
	objectVersion = 50;
	objects = {

/* Begin PBXBuildFile section */
		ACBA1BD32DB085AF0026CF49 /* commute_pro_iOSApp.swift in Sources */ = {isa = PBXBuildFile; fileRef = ACBA1BD22DB085AF0026CF49 /* commute_pro_iOSApp.swift */; };
		ACBA1BD52DB085AF0026CF49 /* ContentView.swift in Sources */ = {isa = PBXBuildFile; fileRef = ACBA1BD42DB085AF0026CF49 /* ContentView.swift */; };
		ACBA1BD72DB085B00026CF49 /* Assets.xcassets in Resources */ = {isa = PBXBuildFile; fileRef = ACBA1BD62DB085B00026CF49 /* Assets.xcassets */; };
		ACBA1BDA2DB085B00026CF49 /* Preview Assets.xcassets in Resources */ = {isa = PBXBuildFile; fileRef = ACBA1BD92DB085B00026CF49 /* Preview Assets.xcassets */; };
		ACBA1BE42DB085B10026CF49 /* commute_pro_iOSTests.swift in Sources */ = {isa = PBXBuildFile; fileRef = ACBA1BE32DB085B10026CF49 /* commute_pro_iOSTests.swift */; };
		ACBA1BEE2DB085B10026CF49 /* commute_pro_iOSUITests.swift in Sources */ = {isa = PBXBuildFile; fileRef = ACBA1BED2DB085B10026CF49 /* commute_pro_iOSUITests.swift */; };
		ACBA1BF02DB085B10026CF49 /* commute_pro_iOSUITestsLaunchTests.swift in Sources */ = {isa = PBXBuildFile; fileRef = ACBA1BEF2DB085B10026CF49 /* commute_pro_iOSUITestsLaunchTests.swift */; };
		ACBA1BFA2DB086420026CF49 /* commute_pro.xcdatamodeld in Sources */ = {isa = PBXBuildFile; fileRef = ACDEEB392DAF49CA00001A20 /* commute_pro.xcdatamodeld */; };
		ACBA1C002DB0866C0026CF49 /* commute_proApp.swift in Sources */ = {isa = PBXBuildFile; fileRef = ACDEEB2E2DAF49C900001A20 /* commute_proApp.swift */; };
		ACBA1C032DB08A100026CF49 /* CommuteListView.swift in Sources */ = {isa = PBXBuildFile; fileRef = ACDEEB622DAF4A8500001A20 /* CommuteListView.swift */; };
		ACBA1C042DB08A150026CF49 /* CommuteDetailView.swift in Sources */ = {isa = PBXBuildFile; fileRef = ACDEEB752DAF4C3000001A20 /* CommuteDetailView.swift */; };
		ACBA1C052DB08A180026CF49 /* CommuteMode.swift in Sources */ = {isa = PBXBuildFile; fileRef = ACDEEB7A2DAF4C4800001A20 /* CommuteMode.swift */; };
		ACBA1C072DB08A1F0026CF49 /* NewCommuteView.swift in Sources */ = {isa = PBXBuildFile; fileRef = ACDEEB902DAF4CD100001A20 /* NewCommuteView.swift */; };
		ACBA1C0A2DB08C510026CF49 /* Persistence.swift in Sources */ = {isa = PBXBuildFile; fileRef = ACBA1C092DB08C510026CF49 /* Persistence.swift */; };
		ACBA1C0C2DB08C950026CF49 /* Persistence.swift in Sources */ = {isa = PBXBuildFile; fileRef = ACBA1C0B2DB08C950026CF49 /* Persistence.swift */; };
		ACBA1C0E2DB092570026CF49 /* airhorn.mp3 in Resources */ = {isa = PBXBuildFile; fileRef = ACBA1C0D2DB092570026CF49 /* airhorn.mp3 */; };
		ACBA1C0F2DB092570026CF49 /* airhorn.mp3 in Resources */ = {isa = PBXBuildFile; fileRef = ACBA1C0D2DB092570026CF49 /* airhorn.mp3 */; };
		ACBA1C112DB296050026CF49 /* PastCommutesView.swift in Sources */ = {isa = PBXBuildFile; fileRef = ACBA1C102DB296050026CF49 /* PastCommutesView.swift */; };
		ACBA1C122DB296050026CF49 /* PastCommutesView.swift in Sources */ = {isa = PBXBuildFile; fileRef = ACBA1C102DB296050026CF49 /* PastCommutesView.swift */; };
		ACBA1C142DB29D010026CF49 /* ErrorHandling.swift in Sources */ = {isa = PBXBuildFile; fileRef = ACBA1C132DB29D010026CF49 /* ErrorHandling.swift */; };
		ACBA1C152DB29D010026CF49 /* ErrorHandling.swift in Sources */ = {isa = PBXBuildFile; fileRef = ACBA1C132DB29D010026CF49 /* ErrorHandling.swift */; };
		ACBA1C172DB29D520026CF49 /* AppErrors.swift in Sources */ = {isa = PBXBuildFile; fileRef = ACBA1C162DB29D520026CF49 /* AppErrors.swift */; };
		ACBA1C182DB29D520026CF49 /* AppErrors.swift in Sources */ = {isa = PBXBuildFile; fileRef = ACBA1C162DB29D520026CF49 /* AppErrors.swift */; };
		ACBA1C1A2DB29D6D0026CF49 /* FlowLayout.swift in Sources */ = {isa = PBXBuildFile; fileRef = ACBA1C192DB29D6D0026CF49 /* FlowLayout.swift */; };
		ACBA1C1B2DB29D6D0026CF49 /* FlowLayout.swift in Sources */ = {isa = PBXBuildFile; fileRef = ACBA1C192DB29D6D0026CF49 /* FlowLayout.swift */; };
		ACBA1C1F2DB2E0AF0026CF49 /* VideoPlayerView.swift in Sources */ = {isa = PBXBuildFile; fileRef = ACBA1C1E2DB2E0AF0026CF49 /* VideoPlayerView.swift */; };
		ACBA1C202DB2E0AF0026CF49 /* VideoPlayerView.swift in Sources */ = {isa = PBXBuildFile; fileRef = ACBA1C1E2DB2E0AF0026CF49 /* VideoPlayerView.swift */; };
		ACBA1C252DB2E8CC0026CF49 /* bike_animation.mp4 in Resources */ = {isa = PBXBuildFile; fileRef = ACBA1C242DB2E8CC0026CF49 /* bike_animation.mp4 */; };
		ACBA1C262DB2E8CC0026CF49 /* bike_animation.mp4 in Resources */ = {isa = PBXBuildFile; fileRef = ACBA1C242DB2E8CC0026CF49 /* bike_animation.mp4 */; };
		ACBA1C282DB2EF3A0026CF49 /* StatView.swift in Sources */ = {isa = PBXBuildFile; fileRef = ACBA1C272DB2EF3A0026CF49 /* StatView.swift */; };
		ACBA1C292DB2EF3A0026CF49 /* StatView.swift in Sources */ = {isa = PBXBuildFile; fileRef = ACBA1C272DB2EF3A0026CF49 /* StatView.swift */; };
		ACBA1C2B2DB2EF480026CF49 /* StatsView.swift in Sources */ = {isa = PBXBuildFile; fileRef = ACBA1C2A2DB2EF480026CF49 /* StatsView.swift */; };
		ACBA1C2C2DB2EF480026CF49 /* StatsView.swift in Sources */ = {isa = PBXBuildFile; fileRef = ACBA1C2A2DB2EF480026CF49 /* StatsView.swift */; };
		ACDEEB2F2DAF49C900001A20 /* commute_proApp.swift in Sources */ = {isa = PBXBuildFile; fileRef = ACDEEB2E2DAF49C900001A20 /* commute_proApp.swift */; };
		ACDEEB332DAF49CA00001A20 /* Assets.xcassets in Resources */ = {isa = PBXBuildFile; fileRef = ACDEEB322DAF49CA00001A20 /* Assets.xcassets */; };
		ACDEEB362DAF49CA00001A20 /* Preview Assets.xcassets in Resources */ = {isa = PBXBuildFile; fileRef = ACDEEB352DAF49CA00001A20 /* Preview Assets.xcassets */; };
		ACDEEB3B2DAF49CA00001A20 /* commute_pro.xcdatamodeld in Sources */ = {isa = PBXBuildFile; fileRef = ACDEEB392DAF49CA00001A20 /* commute_pro.xcdatamodeld */; };
		ACDEEB472DAF49CA00001A20 /* commute_proTests.swift in Sources */ = {isa = PBXBuildFile; fileRef = ACDEEB462DAF49CA00001A20 /* commute_proTests.swift */; };
		ACDEEB522DAF49CA00001A20 /* commute_proUITests.swift in Sources */ = {isa = PBXBuildFile; fileRef = ACDEEB512DAF49CA00001A20 /* commute_proUITests.swift */; };
		ACDEEB632DAF4A8500001A20 /* CommuteListView.swift in Sources */ = {isa = PBXBuildFile; fileRef = ACDEEB622DAF4A8500001A20 /* CommuteListView.swift */; };
		ACDEEB762DAF4C3000001A20 /* CommuteDetailView.swift in Sources */ = {isa = PBXBuildFile; fileRef = ACDEEB752DAF4C3000001A20 /* CommuteDetailView.swift */; };
		ACDEEB7B2DAF4C4800001A20 /* CommuteMode.swift in Sources */ = {isa = PBXBuildFile; fileRef = ACDEEB7A2DAF4C4800001A20 /* CommuteMode.swift */; };
		ACDEEB912DAF4CD100001A20 /* NewCommuteView.swift in Sources */ = {isa = PBXBuildFile; fileRef = ACDEEB902DAF4CD100001A20 /* NewCommuteView.swift */; };
/* End PBXBuildFile section */

/* Begin PBXContainerItemProxy section */
		ACBA1BE02DB085B10026CF49 /* PBXContainerItemProxy */ = {
			isa = PBXContainerItemProxy;
			containerPortal = ACDEEB232DAF49C900001A20 /* Project object */;
			proxyType = 1;
			remoteGlobalIDString = ACBA1BCF2DB085AF0026CF49;
			remoteInfo = "commute_pro-iOS";
		};
		ACBA1BEA2DB085B10026CF49 /* PBXContainerItemProxy */ = {
			isa = PBXContainerItemProxy;
			containerPortal = ACDEEB232DAF49C900001A20 /* Project object */;
			proxyType = 1;
			remoteGlobalIDString = ACBA1BCF2DB085AF0026CF49;
			remoteInfo = "commute_pro-iOS";
		};
		ACDEEB432DAF49CA00001A20 /* PBXContainerItemProxy */ = {
			isa = PBXContainerItemProxy;
			containerPortal = ACDEEB232DAF49C900001A20 /* Project object */;
			proxyType = 1;
			remoteGlobalIDString = ACDEEB2A2DAF49C900001A20;
			remoteInfo = commute_pro;
		};
		ACDEEB4E2DAF49CA00001A20 /* PBXContainerItemProxy */ = {
			isa = PBXContainerItemProxy;
			containerPortal = ACDEEB232DAF49C900001A20 /* Project object */;
			proxyType = 1;
			remoteGlobalIDString = ACDEEB2A2DAF49C900001A20;
			remoteInfo = commute_pro;
		};
/* End PBXContainerItemProxy section */

/* Begin PBXFileReference section */
		ACBA1BD02DB085AF0026CF49 /* Commute Pro-iOS.app */ = {isa = PBXFileReference; explicitFileType = wrapper.application; includeInIndex = 0; path = "Commute Pro-iOS.app"; sourceTree = BUILT_PRODUCTS_DIR; };
		ACBA1BD22DB085AF0026CF49 /* commute_pro_iOSApp.swift */ = {isa = PBXFileReference; lastKnownFileType = sourcecode.swift; path = commute_pro_iOSApp.swift; sourceTree = "<group>"; };
		ACBA1BD42DB085AF0026CF49 /* ContentView.swift */ = {isa = PBXFileReference; lastKnownFileType = sourcecode.swift; path = ContentView.swift; sourceTree = "<group>"; };
		ACBA1BD62DB085B00026CF49 /* Assets.xcassets */ = {isa = PBXFileReference; lastKnownFileType = folder.assetcatalog; path = Assets.xcassets; sourceTree = "<group>"; };
		ACBA1BD92DB085B00026CF49 /* Preview Assets.xcassets */ = {isa = PBXFileReference; lastKnownFileType = folder.assetcatalog; path = "Preview Assets.xcassets"; sourceTree = "<group>"; };
		ACBA1BDF2DB085B10026CF49 /* Commute Pro-iOSTests.xctest */ = {isa = PBXFileReference; explicitFileType = wrapper.cfbundle; includeInIndex = 0; path = "Commute Pro-iOSTests.xctest"; sourceTree = BUILT_PRODUCTS_DIR; };
		ACBA1BE32DB085B10026CF49 /* commute_pro_iOSTests.swift */ = {isa = PBXFileReference; lastKnownFileType = sourcecode.swift; path = commute_pro_iOSTests.swift; sourceTree = "<group>"; };
		ACBA1BE92DB085B10026CF49 /* Commute Pro-iOSUITests.xctest */ = {isa = PBXFileReference; explicitFileType = wrapper.cfbundle; includeInIndex = 0; path = "Commute Pro-iOSUITests.xctest"; sourceTree = BUILT_PRODUCTS_DIR; };
		ACBA1BED2DB085B10026CF49 /* commute_pro_iOSUITests.swift */ = {isa = PBXFileReference; lastKnownFileType = sourcecode.swift; path = commute_pro_iOSUITests.swift; sourceTree = "<group>"; };
		ACBA1BEF2DB085B10026CF49 /* commute_pro_iOSUITestsLaunchTests.swift */ = {isa = PBXFileReference; lastKnownFileType = sourcecode.swift; path = commute_pro_iOSUITestsLaunchTests.swift; sourceTree = "<group>"; };
		ACBA1C092DB08C510026CF49 /* Persistence.swift */ = {isa = PBXFileReference; fileEncoding = 4; lastKnownFileType = sourcecode.swift; path = Persistence.swift; sourceTree = "<group>"; };
		ACBA1C0B2DB08C950026CF49 /* Persistence.swift */ = {isa = PBXFileReference; fileEncoding = 4; lastKnownFileType = sourcecode.swift; path = Persistence.swift; sourceTree = "<group>"; };
		ACBA1C0D2DB092570026CF49 /* airhorn.mp3 */ = {isa = PBXFileReference; lastKnownFileType = audio.mp3; path = airhorn.mp3; sourceTree = "<group>"; };
		ACBA1C102DB296050026CF49 /* PastCommutesView.swift */ = {isa = PBXFileReference; fileEncoding = 4; lastKnownFileType = sourcecode.swift; path = PastCommutesView.swift; sourceTree = "<group>"; };
		ACBA1C132DB29D010026CF49 /* ErrorHandling.swift */ = {isa = PBXFileReference; fileEncoding = 4; lastKnownFileType = sourcecode.swift; path = ErrorHandling.swift; sourceTree = "<group>"; };
		ACBA1C162DB29D520026CF49 /* AppErrors.swift */ = {isa = PBXFileReference; fileEncoding = 4; lastKnownFileType = sourcecode.swift; path = AppErrors.swift; sourceTree = "<group>"; };
		ACBA1C192DB29D6D0026CF49 /* FlowLayout.swift */ = {isa = PBXFileReference; fileEncoding = 4; lastKnownFileType = sourcecode.swift; path = FlowLayout.swift; sourceTree = "<group>"; };
		ACBA1C1E2DB2E0AF0026CF49 /* VideoPlayerView.swift */ = {isa = PBXFileReference; fileEncoding = 4; lastKnownFileType = sourcecode.swift; path = VideoPlayerView.swift; sourceTree = "<group>"; };
		ACBA1C242DB2E8CC0026CF49 /* bike_animation.mp4 */ = {isa = PBXFileReference; lastKnownFileType = file; path = bike_animation.mp4; sourceTree = "<group>"; };
		ACBA1C272DB2EF3A0026CF49 /* StatView.swift */ = {isa = PBXFileReference; fileEncoding = 4; lastKnownFileType = sourcecode.swift; path = StatView.swift; sourceTree = "<group>"; };
		ACBA1C2A2DB2EF480026CF49 /* StatsView.swift */ = {isa = PBXFileReference; fileEncoding = 4; lastKnownFileType = sourcecode.swift; path = StatsView.swift; sourceTree = "<group>"; };
		ACDEEB2B2DAF49C900001A20 /* Commute Pro.app */ = {isa = PBXFileReference; explicitFileType = wrapper.application; includeInIndex = 0; path = "Commute Pro.app"; sourceTree = BUILT_PRODUCTS_DIR; };
		ACDEEB2E2DAF49C900001A20 /* commute_proApp.swift */ = {isa = PBXFileReference; lastKnownFileType = sourcecode.swift; path = commute_proApp.swift; sourceTree = "<group>"; };
		ACDEEB322DAF49CA00001A20 /* Assets.xcassets */ = {isa = PBXFileReference; lastKnownFileType = folder.assetcatalog; path = Assets.xcassets; sourceTree = "<group>"; };
		ACDEEB352DAF49CA00001A20 /* Preview Assets.xcassets */ = {isa = PBXFileReference; lastKnownFileType = folder.assetcatalog; path = "Preview Assets.xcassets"; sourceTree = "<group>"; };
		ACDEEB3A2DAF49CA00001A20 /* commute_pro.xcdatamodel */ = {isa = PBXFileReference; lastKnownFileType = wrapper.xcdatamodel; path = commute_pro.xcdatamodel; sourceTree = "<group>"; };
		ACDEEB3C2DAF49CA00001A20 /* Info.plist */ = {isa = PBXFileReference; lastKnownFileType = text.plist.xml; path = Info.plist; sourceTree = "<group>"; };
		ACDEEB3D2DAF49CA00001A20 /* commute_pro.entitlements */ = {isa = PBXFileReference; lastKnownFileType = text.plist.entitlements; path = commute_pro.entitlements; sourceTree = "<group>"; };
		ACDEEB422DAF49CA00001A20 /* Commute ProTests.xctest */ = {isa = PBXFileReference; explicitFileType = wrapper.cfbundle; includeInIndex = 0; path = "Commute ProTests.xctest"; sourceTree = BUILT_PRODUCTS_DIR; };
		ACDEEB462DAF49CA00001A20 /* commute_proTests.swift */ = {isa = PBXFileReference; lastKnownFileType = sourcecode.swift; path = commute_proTests.swift; sourceTree = "<group>"; };
		ACDEEB482DAF49CA00001A20 /* Info.plist */ = {isa = PBXFileReference; lastKnownFileType = text.plist.xml; path = Info.plist; sourceTree = "<group>"; };
		ACDEEB4D2DAF49CA00001A20 /* Commute ProUITests.xctest */ = {isa = PBXFileReference; explicitFileType = wrapper.cfbundle; includeInIndex = 0; path = "Commute ProUITests.xctest"; sourceTree = BUILT_PRODUCTS_DIR; };
		ACDEEB512DAF49CA00001A20 /* commute_proUITests.swift */ = {isa = PBXFileReference; lastKnownFileType = sourcecode.swift; path = commute_proUITests.swift; sourceTree = "<group>"; };
		ACDEEB532DAF49CA00001A20 /* Info.plist */ = {isa = PBXFileReference; lastKnownFileType = text.plist.xml; path = Info.plist; sourceTree = "<group>"; };
		ACDEEB622DAF4A8500001A20 /* CommuteListView.swift */ = {isa = PBXFileReference; lastKnownFileType = sourcecode.swift; path = CommuteListView.swift; sourceTree = "<group>"; };
		ACDEEB752DAF4C3000001A20 /* CommuteDetailView.swift */ = {isa = PBXFileReference; lastKnownFileType = sourcecode.swift; path = CommuteDetailView.swift; sourceTree = "<group>"; };
		ACDEEB7A2DAF4C4800001A20 /* CommuteMode.swift */ = {isa = PBXFileReference; lastKnownFileType = sourcecode.swift; path = CommuteMode.swift; sourceTree = "<group>"; };
		ACDEEB902DAF4CD100001A20 /* NewCommuteView.swift */ = {isa = PBXFileReference; lastKnownFileType = sourcecode.swift; path = NewCommuteView.swift; sourceTree = "<group>"; };
/* End PBXFileReference section */

/* Begin PBXFrameworksBuildPhase section */
		ACBA1BCD2DB085AF0026CF49 /* Frameworks */ = {
			isa = PBXFrameworksBuildPhase;
			buildActionMask = 2147483647;
			files = (
			);
			runOnlyForDeploymentPostprocessing = 0;
		};
		ACBA1BDC2DB085B10026CF49 /* Frameworks */ = {
			isa = PBXFrameworksBuildPhase;
			buildActionMask = 2147483647;
			files = (
			);
			runOnlyForDeploymentPostprocessing = 0;
		};
		ACBA1BE62DB085B10026CF49 /* Frameworks */ = {
			isa = PBXFrameworksBuildPhase;
			buildActionMask = 2147483647;
			files = (
			);
			runOnlyForDeploymentPostprocessing = 0;
		};
		ACDEEB282DAF49C900001A20 /* Frameworks */ = {
			isa = PBXFrameworksBuildPhase;
			buildActionMask = 2147483647;
			files = (
			);
			runOnlyForDeploymentPostprocessing = 0;
		};
		ACDEEB3F2DAF49CA00001A20 /* Frameworks */ = {
			isa = PBXFrameworksBuildPhase;
			buildActionMask = 2147483647;
			files = (
			);
			runOnlyForDeploymentPostprocessing = 0;
		};
		ACDEEB4A2DAF49CA00001A20 /* Frameworks */ = {
			isa = PBXFrameworksBuildPhase;
			buildActionMask = 2147483647;
			files = (
			);
			runOnlyForDeploymentPostprocessing = 0;
		};
/* End PBXFrameworksBuildPhase section */

/* Begin PBXGroup section */
		ACBA1BD12DB085AF0026CF49 /* commute_pro-iOS */ = {
			isa = PBXGroup;
			children = (
				ACBA1C0B2DB08C950026CF49 /* Persistence.swift */,
				ACBA1BD22DB085AF0026CF49 /* commute_pro_iOSApp.swift */,
				ACBA1BD42DB085AF0026CF49 /* ContentView.swift */,
				ACBA1BD62DB085B00026CF49 /* Assets.xcassets */,
				ACBA1BD82DB085B00026CF49 /* Preview Content */,
			);
			path = "commute_pro-iOS";
			sourceTree = "<group>";
		};
		ACBA1BD82DB085B00026CF49 /* Preview Content */ = {
			isa = PBXGroup;
			children = (
				ACBA1BD92DB085B00026CF49 /* Preview Assets.xcassets */,
			);
			path = "Preview Content";
			sourceTree = "<group>";
		};
		ACBA1BE22DB085B10026CF49 /* commute_pro-iOSTests */ = {
			isa = PBXGroup;
			children = (
				ACBA1BE32DB085B10026CF49 /* commute_pro_iOSTests.swift */,
			);
			path = "commute_pro-iOSTests";
			sourceTree = "<group>";
		};
		ACBA1BEC2DB085B10026CF49 /* commute_pro-iOSUITests */ = {
			isa = PBXGroup;
			children = (
				ACBA1BED2DB085B10026CF49 /* commute_pro_iOSUITests.swift */,
				ACBA1BEF2DB085B10026CF49 /* commute_pro_iOSUITestsLaunchTests.swift */,
			);
			path = "commute_pro-iOSUITests";
			sourceTree = "<group>";
		};
		ACBA1C022DB089BC0026CF49 /* Shared */ = {
			isa = PBXGroup;
			children = (
				ACBA1C2A2DB2EF480026CF49 /* StatsView.swift */,
				ACBA1C272DB2EF3A0026CF49 /* StatView.swift */,
				ACBA1C1E2DB2E0AF0026CF49 /* VideoPlayerView.swift */,
				ACBA1C1C2DB2E0510026CF49 /* Assets */,
				ACBA1C192DB29D6D0026CF49 /* FlowLayout.swift */,
				ACBA1C162DB29D520026CF49 /* AppErrors.swift */,
				ACBA1C132DB29D010026CF49 /* ErrorHandling.swift */,
				ACBA1C102DB296050026CF49 /* PastCommutesView.swift */,
				ACDEEB622DAF4A8500001A20 /* CommuteListView.swift */,
				ACDEEB752DAF4C3000001A20 /* CommuteDetailView.swift */,
				ACDEEB7A2DAF4C4800001A20 /* CommuteMode.swift */,
				ACDEEB392DAF49CA00001A20 /* commute_pro.xcdatamodeld */,
				ACDEEB902DAF4CD100001A20 /* NewCommuteView.swift */,
			);
			path = Shared;
			sourceTree = "<group>";
		};
		ACBA1C1C2DB2E0510026CF49 /* Assets */ = {
			isa = PBXGroup;
			children = (
				ACBA1C1D2DB2E0510026CF49 /* Videos */,
			);
			path = Assets;
			sourceTree = "<group>";
		};
		ACBA1C1D2DB2E0510026CF49 /* Videos */ = {
			isa = PBXGroup;
			children = (
				ACBA1C242DB2E8CC0026CF49 /* bike_animation.mp4 */,
			);
			path = Videos;
			sourceTree = "<group>";
		};
		ACDEEB222DAF49C900001A20 = {
			isa = PBXGroup;
			children = (
				ACBA1C022DB089BC0026CF49 /* Shared */,
				ACDEEB2D2DAF49C900001A20 /* commute_pro */,
				ACDEEB452DAF49CA00001A20 /* commute_proTests */,
				ACDEEB502DAF49CA00001A20 /* commute_proUITests */,
				ACBA1BD12DB085AF0026CF49 /* commute_pro-iOS */,
				ACBA1BE22DB085B10026CF49 /* commute_pro-iOSTests */,
				ACBA1BEC2DB085B10026CF49 /* commute_pro-iOSUITests */,
				ACDEEB2C2DAF49C900001A20 /* Products */,
			);
			sourceTree = "<group>";
		};
		ACDEEB2C2DAF49C900001A20 /* Products */ = {
			isa = PBXGroup;
			children = (
				ACDEEB2B2DAF49C900001A20 /* Commute Pro.app */,
				ACDEEB422DAF49CA00001A20 /* Commute ProTests.xctest */,
				ACDEEB4D2DAF49CA00001A20 /* Commute ProUITests.xctest */,
				ACBA1BD02DB085AF0026CF49 /* Commute Pro-iOS.app */,
				ACBA1BDF2DB085B10026CF49 /* Commute Pro-iOSTests.xctest */,
				ACBA1BE92DB085B10026CF49 /* Commute Pro-iOSUITests.xctest */,
			);
			name = Products;
			sourceTree = "<group>";
		};
		ACDEEB2D2DAF49C900001A20 /* commute_pro */ = {
			isa = PBXGroup;
			children = (
				ACBA1C0D2DB092570026CF49 /* airhorn.mp3 */,
				ACBA1C092DB08C510026CF49 /* Persistence.swift */,
				ACDEEB2E2DAF49C900001A20 /* commute_proApp.swift */,
				ACDEEB322DAF49CA00001A20 /* Assets.xcassets */,
				ACDEEB3C2DAF49CA00001A20 /* Info.plist */,
				ACDEEB3D2DAF49CA00001A20 /* commute_pro.entitlements */,
				ACDEEB342DAF49CA00001A20 /* Preview Content */,
			);
			path = commute_pro;
			sourceTree = "<group>";
		};
		ACDEEB342DAF49CA00001A20 /* Preview Content */ = {
			isa = PBXGroup;
			children = (
				ACDEEB352DAF49CA00001A20 /* Preview Assets.xcassets */,
			);
			path = "Preview Content";
			sourceTree = "<group>";
		};
		ACDEEB452DAF49CA00001A20 /* commute_proTests */ = {
			isa = PBXGroup;
			children = (
				ACDEEB462DAF49CA00001A20 /* commute_proTests.swift */,
				ACDEEB482DAF49CA00001A20 /* Info.plist */,
			);
			path = commute_proTests;
			sourceTree = "<group>";
		};
		ACDEEB502DAF49CA00001A20 /* commute_proUITests */ = {
			isa = PBXGroup;
			children = (
				ACDEEB512DAF49CA00001A20 /* commute_proUITests.swift */,
				ACDEEB532DAF49CA00001A20 /* Info.plist */,
			);
			path = commute_proUITests;
			sourceTree = "<group>";
		};
/* End PBXGroup section */

/* Begin PBXNativeTarget section */
		ACBA1BCF2DB085AF0026CF49 /* Commute Pro-iOS */ = {
			isa = PBXNativeTarget;
			buildConfigurationList = ACBA1BF12DB085B10026CF49 /* Build configuration list for PBXNativeTarget "Commute Pro-iOS" */;
			buildPhases = (
				ACBA1BCC2DB085AF0026CF49 /* Sources */,
				ACBA1BCD2DB085AF0026CF49 /* Frameworks */,
				ACBA1BCE2DB085AF0026CF49 /* Resources */,
			);
			buildRules = (
			);
			dependencies = (
			);
			name = "Commute Pro-iOS";
			productName = "commute_pro-iOS";
			productReference = ACBA1BD02DB085AF0026CF49 /* Commute Pro-iOS.app */;
			productType = "com.apple.product-type.application";
		};
		ACBA1BDE2DB085B10026CF49 /* Commute Pro-iOSTests */ = {
			isa = PBXNativeTarget;
			buildConfigurationList = ACBA1BF42DB085B10026CF49 /* Build configuration list for PBXNativeTarget "Commute Pro-iOSTests" */;
			buildPhases = (
				ACBA1BDB2DB085B10026CF49 /* Sources */,
				ACBA1BDC2DB085B10026CF49 /* Frameworks */,
				ACBA1BDD2DB085B10026CF49 /* Resources */,
			);
			buildRules = (
			);
			dependencies = (
				ACBA1BE12DB085B10026CF49 /* PBXTargetDependency */,
			);
			name = "Commute Pro-iOSTests";
			productName = "commute_pro-iOSTests";
			productReference = ACBA1BDF2DB085B10026CF49 /* Commute Pro-iOSTests.xctest */;
			productType = "com.apple.product-type.bundle.unit-test";
		};
		ACBA1BE82DB085B10026CF49 /* Commute Pro-iOSUITests */ = {
			isa = PBXNativeTarget;
			buildConfigurationList = ACBA1BF72DB085B10026CF49 /* Build configuration list for PBXNativeTarget "Commute Pro-iOSUITests" */;
			buildPhases = (
				ACBA1BE52DB085B10026CF49 /* Sources */,
				ACBA1BE62DB085B10026CF49 /* Frameworks */,
				ACBA1BE72DB085B10026CF49 /* Resources */,
			);
			buildRules = (
			);
			dependencies = (
				ACBA1BEB2DB085B10026CF49 /* PBXTargetDependency */,
			);
			name = "Commute Pro-iOSUITests";
			productName = "commute_pro-iOSUITests";
			productReference = ACBA1BE92DB085B10026CF49 /* Commute Pro-iOSUITests.xctest */;
			productType = "com.apple.product-type.bundle.ui-testing";
		};
		ACDEEB2A2DAF49C900001A20 /* Commute Pro */ = {
			isa = PBXNativeTarget;
			buildConfigurationList = ACDEEB562DAF49CA00001A20 /* Build configuration list for PBXNativeTarget "Commute Pro" */;
			buildPhases = (
				ACDEEB272DAF49C900001A20 /* Sources */,
				ACDEEB282DAF49C900001A20 /* Frameworks */,
				ACDEEB292DAF49C900001A20 /* Resources */,
			);
			buildRules = (
			);
			dependencies = (
			);
			name = "Commute Pro";
			productName = commute_pro;
			productReference = ACDEEB2B2DAF49C900001A20 /* Commute Pro.app */;
			productType = "com.apple.product-type.application";
		};
		ACDEEB412DAF49CA00001A20 /* Commute ProTests */ = {
			isa = PBXNativeTarget;
			buildConfigurationList = ACDEEB592DAF49CA00001A20 /* Build configuration list for PBXNativeTarget "Commute ProTests" */;
			buildPhases = (
				ACDEEB3E2DAF49CA00001A20 /* Sources */,
				ACDEEB3F2DAF49CA00001A20 /* Frameworks */,
				ACDEEB402DAF49CA00001A20 /* Resources */,
			);
			buildRules = (
			);
			dependencies = (
				ACDEEB442DAF49CA00001A20 /* PBXTargetDependency */,
			);
			name = "Commute ProTests";
			productName = commute_proTests;
			productReference = ACDEEB422DAF49CA00001A20 /* Commute ProTests.xctest */;
			productType = "com.apple.product-type.bundle.unit-test";
		};
		ACDEEB4C2DAF49CA00001A20 /* Commute ProUITests */ = {
			isa = PBXNativeTarget;
			buildConfigurationList = ACDEEB5C2DAF49CA00001A20 /* Build configuration list for PBXNativeTarget "Commute ProUITests" */;
			buildPhases = (
				ACDEEB492DAF49CA00001A20 /* Sources */,
				ACDEEB4A2DAF49CA00001A20 /* Frameworks */,
				ACDEEB4B2DAF49CA00001A20 /* Resources */,
			);
			buildRules = (
			);
			dependencies = (
				ACDEEB4F2DAF49CA00001A20 /* PBXTargetDependency */,
			);
			name = "Commute ProUITests";
			productName = commute_proUITests;
			productReference = ACDEEB4D2DAF49CA00001A20 /* Commute ProUITests.xctest */;
			productType = "com.apple.product-type.bundle.ui-testing";
		};
/* End PBXNativeTarget section */

/* Begin PBXProject section */
		ACDEEB232DAF49C900001A20 /* Project object */ = {
			isa = PBXProject;
			attributes = {
				LastSwiftUpdateCheck = 1520;
				LastUpgradeCheck = 1520;
				TargetAttributes = {
					ACBA1BCF2DB085AF0026CF49 = {
						CreatedOnToolsVersion = 15.2;
					};
					ACBA1BDE2DB085B10026CF49 = {
						CreatedOnToolsVersion = 15.2;
						TestTargetID = ACBA1BCF2DB085AF0026CF49;
					};
					ACBA1BE82DB085B10026CF49 = {
						CreatedOnToolsVersion = 15.2;
						TestTargetID = ACBA1BCF2DB085AF0026CF49;
					};
					ACDEEB2A2DAF49C900001A20 = {
						CreatedOnToolsVersion = 12.3;
					};
					ACDEEB412DAF49CA00001A20 = {
						CreatedOnToolsVersion = 12.3;
						TestTargetID = ACDEEB2A2DAF49C900001A20;
					};
					ACDEEB4C2DAF49CA00001A20 = {
						CreatedOnToolsVersion = 12.3;
						TestTargetID = ACDEEB2A2DAF49C900001A20;
					};
				};
			};
			buildConfigurationList = ACDEEB262DAF49C900001A20 /* Build configuration list for PBXProject "Commute Pro" */;
			compatibilityVersion = "Xcode 9.3";
			developmentRegion = en;
			hasScannedForEncodings = 0;
			knownRegions = (
				en,
				Base,
			);
			mainGroup = ACDEEB222DAF49C900001A20;
			productRefGroup = ACDEEB2C2DAF49C900001A20 /* Products */;
			projectDirPath = "";
			projectRoot = "";
			targets = (
				ACDEEB2A2DAF49C900001A20 /* Commute Pro */,
				ACDEEB412DAF49CA00001A20 /* Commute ProTests */,
				ACDEEB4C2DAF49CA00001A20 /* Commute ProUITests */,
				ACBA1BCF2DB085AF0026CF49 /* Commute Pro-iOS */,
				ACBA1BDE2DB085B10026CF49 /* Commute Pro-iOSTests */,
				ACBA1BE82DB085B10026CF49 /* Commute Pro-iOSUITests */,
			);
		};
/* End PBXProject section */

/* Begin PBXResourcesBuildPhase section */
		ACBA1BCE2DB085AF0026CF49 /* Resources */ = {
			isa = PBXResourcesBuildPhase;
			buildActionMask = 2147483647;
			files = (
				ACBA1BDA2DB085B00026CF49 /* Preview Assets.xcassets in Resources */,
				ACBA1C0F2DB092570026CF49 /* airhorn.mp3 in Resources */,
				ACBA1BD72DB085B00026CF49 /* Assets.xcassets in Resources */,
				ACBA1C262DB2E8CC0026CF49 /* bike_animation.mp4 in Resources */,
			);
			runOnlyForDeploymentPostprocessing = 0;
		};
		ACBA1BDD2DB085B10026CF49 /* Resources */ = {
			isa = PBXResourcesBuildPhase;
			buildActionMask = 2147483647;
			files = (
			);
			runOnlyForDeploymentPostprocessing = 0;
		};
		ACBA1BE72DB085B10026CF49 /* Resources */ = {
			isa = PBXResourcesBuildPhase;
			buildActionMask = 2147483647;
			files = (
			);
			runOnlyForDeploymentPostprocessing = 0;
		};
		ACDEEB292DAF49C900001A20 /* Resources */ = {
			isa = PBXResourcesBuildPhase;
			buildActionMask = 2147483647;
			files = (
				ACDEEB362DAF49CA00001A20 /* Preview Assets.xcassets in Resources */,
				ACBA1C0E2DB092570026CF49 /* airhorn.mp3 in Resources */,
				ACDEEB332DAF49CA00001A20 /* Assets.xcassets in Resources */,
				ACBA1C252DB2E8CC0026CF49 /* bike_animation.mp4 in Resources */,
			);
			runOnlyForDeploymentPostprocessing = 0;
		};
		ACDEEB402DAF49CA00001A20 /* Resources */ = {
			isa = PBXResourcesBuildPhase;
			buildActionMask = 2147483647;
			files = (
			);
			runOnlyForDeploymentPostprocessing = 0;
		};
		ACDEEB4B2DAF49CA00001A20 /* Resources */ = {
			isa = PBXResourcesBuildPhase;
			buildActionMask = 2147483647;
			files = (
			);
			runOnlyForDeploymentPostprocessing = 0;
		};
/* End PBXResourcesBuildPhase section */

/* Begin PBXSourcesBuildPhase section */
		ACBA1BCC2DB085AF0026CF49 /* Sources */ = {
			isa = PBXSourcesBuildPhase;
			buildActionMask = 2147483647;
			files = (
				ACBA1C292DB2EF3A0026CF49 /* StatView.swift in Sources */,
				ACBA1C042DB08A150026CF49 /* CommuteDetailView.swift in Sources */,
				ACBA1C182DB29D520026CF49 /* AppErrors.swift in Sources */,
				ACBA1BD52DB085AF0026CF49 /* ContentView.swift in Sources */,
				ACBA1BFA2DB086420026CF49 /* commute_pro.xcdatamodeld in Sources */,
				ACBA1C1B2DB29D6D0026CF49 /* FlowLayout.swift in Sources */,
				ACBA1C122DB296050026CF49 /* PastCommutesView.swift in Sources */,
				ACBA1C072DB08A1F0026CF49 /* NewCommuteView.swift in Sources */,
				ACBA1C002DB0866C0026CF49 /* commute_proApp.swift in Sources */,
				ACBA1C052DB08A180026CF49 /* CommuteMode.swift in Sources */,
				ACBA1C032DB08A100026CF49 /* CommuteListView.swift in Sources */,
				ACBA1C2C2DB2EF480026CF49 /* StatsView.swift in Sources */,
				ACBA1C152DB29D010026CF49 /* ErrorHandling.swift in Sources */,
				ACBA1BD32DB085AF0026CF49 /* commute_pro_iOSApp.swift in Sources */,
				ACBA1C0C2DB08C950026CF49 /* Persistence.swift in Sources */,
				ACBA1C202DB2E0AF0026CF49 /* VideoPlayerView.swift in Sources */,
			);
			runOnlyForDeploymentPostprocessing = 0;
		};
		ACBA1BDB2DB085B10026CF49 /* Sources */ = {
			isa = PBXSourcesBuildPhase;
			buildActionMask = 2147483647;
			files = (
				ACBA1BE42DB085B10026CF49 /* commute_pro_iOSTests.swift in Sources */,
			);
			runOnlyForDeploymentPostprocessing = 0;
		};
		ACBA1BE52DB085B10026CF49 /* Sources */ = {
			isa = PBXSourcesBuildPhase;
			buildActionMask = 2147483647;
			files = (
				ACBA1BEE2DB085B10026CF49 /* commute_pro_iOSUITests.swift in Sources */,
				ACBA1BF02DB085B10026CF49 /* commute_pro_iOSUITestsLaunchTests.swift in Sources */,
			);
			runOnlyForDeploymentPostprocessing = 0;
		};
		ACDEEB272DAF49C900001A20 /* Sources */ = {
			isa = PBXSourcesBuildPhase;
			buildActionMask = 2147483647;
			files = (
				ACBA1C112DB296050026CF49 /* PastCommutesView.swift in Sources */,
				ACBA1C1A2DB29D6D0026CF49 /* FlowLayout.swift in Sources */,
				ACDEEB632DAF4A8500001A20 /* CommuteListView.swift in Sources */,
				ACBA1C0A2DB08C510026CF49 /* Persistence.swift in Sources */,
				ACBA1C172DB29D520026CF49 /* AppErrors.swift in Sources */,
				ACDEEB7B2DAF4C4800001A20 /* CommuteMode.swift in Sources */,
				ACDEEB762DAF4C3000001A20 /* CommuteDetailView.swift in Sources */,
				ACBA1C282DB2EF3A0026CF49 /* StatView.swift in Sources */,
				ACDEEB3B2DAF49CA00001A20 /* commute_pro.xcdatamodeld in Sources */,
				ACBA1C142DB29D010026CF49 /* ErrorHandling.swift in Sources */,
				ACBA1C2B2DB2EF480026CF49 /* StatsView.swift in Sources */,
				ACDEEB2F2DAF49C900001A20 /* commute_proApp.swift in Sources */,
				ACBA1C1F2DB2E0AF0026CF49 /* VideoPlayerView.swift in Sources */,
				ACDEEB912DAF4CD100001A20 /* NewCommuteView.swift in Sources */,
			);
			runOnlyForDeploymentPostprocessing = 0;
		};
		ACDEEB3E2DAF49CA00001A20 /* Sources */ = {
			isa = PBXSourcesBuildPhase;
			buildActionMask = 2147483647;
			files = (
				ACDEEB472DAF49CA00001A20 /* commute_proTests.swift in Sources */,
			);
			runOnlyForDeploymentPostprocessing = 0;
		};
		ACDEEB492DAF49CA00001A20 /* Sources */ = {
			isa = PBXSourcesBuildPhase;
			buildActionMask = 2147483647;
			files = (
				ACDEEB522DAF49CA00001A20 /* commute_proUITests.swift in Sources */,
			);
			runOnlyForDeploymentPostprocessing = 0;
		};
/* End PBXSourcesBuildPhase section */

/* Begin PBXTargetDependency section */
		ACBA1BE12DB085B10026CF49 /* PBXTargetDependency */ = {
			isa = PBXTargetDependency;
			target = ACBA1BCF2DB085AF0026CF49 /* Commute Pro-iOS */;
			targetProxy = ACBA1BE02DB085B10026CF49 /* PBXContainerItemProxy */;
		};
		ACBA1BEB2DB085B10026CF49 /* PBXTargetDependency */ = {
			isa = PBXTargetDependency;
			target = ACBA1BCF2DB085AF0026CF49 /* Commute Pro-iOS */;
			targetProxy = ACBA1BEA2DB085B10026CF49 /* PBXContainerItemProxy */;
		};
		ACDEEB442DAF49CA00001A20 /* PBXTargetDependency */ = {
			isa = PBXTargetDependency;
			target = ACDEEB2A2DAF49C900001A20 /* Commute Pro */;
			targetProxy = ACDEEB432DAF49CA00001A20 /* PBXContainerItemProxy */;
		};
		ACDEEB4F2DAF49CA00001A20 /* PBXTargetDependency */ = {
			isa = PBXTargetDependency;
			target = ACDEEB2A2DAF49C900001A20 /* Commute Pro */;
			targetProxy = ACDEEB4E2DAF49CA00001A20 /* PBXContainerItemProxy */;
		};
/* End PBXTargetDependency section */

/* Begin XCBuildConfiguration section */
		ACBA1BF22DB085B10026CF49 /* Debug */ = {
			isa = XCBuildConfiguration;
			buildSettings = {
				ASSETCATALOG_COMPILER_APPICON_NAME = AppIcon;
				ASSETCATALOG_COMPILER_GENERATE_SWIFT_ASSET_SYMBOL_EXTENSIONS = YES;
				ASSETCATALOG_COMPILER_GLOBAL_ACCENT_COLOR_NAME = AccentColor;
				CLANG_CXX_LANGUAGE_STANDARD = "gnu++20";
				CODE_SIGN_STYLE = Automatic;
				CURRENT_PROJECT_VERSION = 1;
				DEVELOPMENT_ASSET_PATHS = "\"commute_pro-iOS/Preview Content\"";
				ENABLE_PREVIEWS = YES;
				ENABLE_USER_SCRIPT_SANDBOXING = YES;
				GCC_C_LANGUAGE_STANDARD = gnu17;
				GENERATE_INFOPLIST_FILE = YES;
				INFOPLIST_KEY_UIApplicationSceneManifest_Generation = YES;
				INFOPLIST_KEY_UIApplicationSupportsIndirectInputEvents = YES;
				INFOPLIST_KEY_UILaunchScreen_Generation = YES;
				INFOPLIST_KEY_UISupportedInterfaceOrientations_iPad = "UIInterfaceOrientationPortrait UIInterfaceOrientationPortraitUpsideDown UIInterfaceOrientationLandscapeLeft UIInterfaceOrientationLandscapeRight";
				INFOPLIST_KEY_UISupportedInterfaceOrientations_iPhone = "UIInterfaceOrientationPortrait UIInterfaceOrientationLandscapeLeft UIInterfaceOrientationLandscapeRight";
				IPHONEOS_DEPLOYMENT_TARGET = 17.2;
				LD_RUNPATH_SEARCH_PATHS = (
					"$(inherited)",
					"@executable_path/Frameworks",
				);
				LOCALIZATION_PREFERS_STRING_CATALOGS = YES;
				MARKETING_VERSION = 1.0;
				PRODUCT_BUNDLE_IDENTIFIER = "commute-pro.commute-pro-iOS";
				PRODUCT_NAME = "$(TARGET_NAME)";
				SDKROOT = iphoneos;
				SWIFT_ACTIVE_COMPILATION_CONDITIONS = "DEBUG $(inherited)";
				SWIFT_EMIT_LOC_STRINGS = YES;
				SWIFT_VERSION = 5.0;
				TARGETED_DEVICE_FAMILY = "1,2";
			};
			name = Debug;
		};
		ACBA1BF32DB085B10026CF49 /* Release */ = {
			isa = XCBuildConfiguration;
			buildSettings = {
				ASSETCATALOG_COMPILER_APPICON_NAME = AppIcon;
				ASSETCATALOG_COMPILER_GENERATE_SWIFT_ASSET_SYMBOL_EXTENSIONS = YES;
				ASSETCATALOG_COMPILER_GLOBAL_ACCENT_COLOR_NAME = AccentColor;
				CLANG_CXX_LANGUAGE_STANDARD = "gnu++20";
				CODE_SIGN_STYLE = Automatic;
				CURRENT_PROJECT_VERSION = 1;
				DEVELOPMENT_ASSET_PATHS = "\"commute_pro-iOS/Preview Content\"";
				ENABLE_PREVIEWS = YES;
				ENABLE_USER_SCRIPT_SANDBOXING = YES;
				GCC_C_LANGUAGE_STANDARD = gnu17;
				GENERATE_INFOPLIST_FILE = YES;
				INFOPLIST_KEY_UIApplicationSceneManifest_Generation = YES;
				INFOPLIST_KEY_UIApplicationSupportsIndirectInputEvents = YES;
				INFOPLIST_KEY_UILaunchScreen_Generation = YES;
				INFOPLIST_KEY_UISupportedInterfaceOrientations_iPad = "UIInterfaceOrientationPortrait UIInterfaceOrientationPortraitUpsideDown UIInterfaceOrientationLandscapeLeft UIInterfaceOrientationLandscapeRight";
				INFOPLIST_KEY_UISupportedInterfaceOrientations_iPhone = "UIInterfaceOrientationPortrait UIInterfaceOrientationLandscapeLeft UIInterfaceOrientationLandscapeRight";
				IPHONEOS_DEPLOYMENT_TARGET = 17.2;
				LD_RUNPATH_SEARCH_PATHS = (
					"$(inherited)",
					"@executable_path/Frameworks",
				);
				LOCALIZATION_PREFERS_STRING_CATALOGS = YES;
				MARKETING_VERSION = 1.0;
				PRODUCT_BUNDLE_IDENTIFIER = "commute-pro.commute-pro-iOS";
				PRODUCT_NAME = "$(TARGET_NAME)";
				SDKROOT = iphoneos;
				SWIFT_EMIT_LOC_STRINGS = YES;
				SWIFT_VERSION = 5.0;
				TARGETED_DEVICE_FAMILY = "1,2";
				VALIDATE_PRODUCT = YES;
			};
			name = Release;
		};
		ACBA1BF52DB085B10026CF49 /* Debug */ = {
			isa = XCBuildConfiguration;
			buildSettings = {
				ALWAYS_EMBED_SWIFT_STANDARD_LIBRARIES = YES;
				ASSETCATALOG_COMPILER_GENERATE_SWIFT_ASSET_SYMBOL_EXTENSIONS = YES;
				BUNDLE_LOADER = "$(TEST_HOST)";
				CLANG_CXX_LANGUAGE_STANDARD = "gnu++20";
				CODE_SIGN_STYLE = Automatic;
				CURRENT_PROJECT_VERSION = 1;
				ENABLE_USER_SCRIPT_SANDBOXING = YES;
				GCC_C_LANGUAGE_STANDARD = gnu17;
				GENERATE_INFOPLIST_FILE = YES;
				IPHONEOS_DEPLOYMENT_TARGET = 17.2;
				LOCALIZATION_PREFERS_STRING_CATALOGS = YES;
				MARKETING_VERSION = 1.0;
				PRODUCT_BUNDLE_IDENTIFIER = "commute-pro.commute-pro-iOSTests";
				PRODUCT_NAME = "$(TARGET_NAME)";
				SDKROOT = iphoneos;
				SWIFT_ACTIVE_COMPILATION_CONDITIONS = "DEBUG $(inherited)";
				SWIFT_EMIT_LOC_STRINGS = NO;
				SWIFT_VERSION = 5.0;
				TARGETED_DEVICE_FAMILY = "1,2";
				TEST_HOST = "$(BUILT_PRODUCTS_DIR)/Commute Pro-iOS.app/$(BUNDLE_EXECUTABLE_FOLDER_PATH)/Commute Pro-iOS";
			};
			name = Debug;
		};
		ACBA1BF62DB085B10026CF49 /* Release */ = {
			isa = XCBuildConfiguration;
			buildSettings = {
				ALWAYS_EMBED_SWIFT_STANDARD_LIBRARIES = YES;
				ASSETCATALOG_COMPILER_GENERATE_SWIFT_ASSET_SYMBOL_EXTENSIONS = YES;
				BUNDLE_LOADER = "$(TEST_HOST)";
				CLANG_CXX_LANGUAGE_STANDARD = "gnu++20";
				CODE_SIGN_STYLE = Automatic;
				CURRENT_PROJECT_VERSION = 1;
				ENABLE_USER_SCRIPT_SANDBOXING = YES;
				GCC_C_LANGUAGE_STANDARD = gnu17;
				GENERATE_INFOPLIST_FILE = YES;
				IPHONEOS_DEPLOYMENT_TARGET = 17.2;
				LOCALIZATION_PREFERS_STRING_CATALOGS = YES;
				MARKETING_VERSION = 1.0;
				PRODUCT_BUNDLE_IDENTIFIER = "commute-pro.commute-pro-iOSTests";
				PRODUCT_NAME = "$(TARGET_NAME)";
				SDKROOT = iphoneos;
				SWIFT_EMIT_LOC_STRINGS = NO;
				SWIFT_VERSION = 5.0;
				TARGETED_DEVICE_FAMILY = "1,2";
				TEST_HOST = "$(BUILT_PRODUCTS_DIR)/Commute Pro-iOS.app/$(BUNDLE_EXECUTABLE_FOLDER_PATH)/Commute Pro-iOS";
				VALIDATE_PRODUCT = YES;
			};
			name = Release;
		};
		ACBA1BF82DB085B10026CF49 /* Debug */ = {
			isa = XCBuildConfiguration;
			buildSettings = {
				ALWAYS_EMBED_SWIFT_STANDARD_LIBRARIES = YES;
				ASSETCATALOG_COMPILER_GENERATE_SWIFT_ASSET_SYMBOL_EXTENSIONS = YES;
				CLANG_CXX_LANGUAGE_STANDARD = "gnu++20";
				CODE_SIGN_STYLE = Automatic;
				CURRENT_PROJECT_VERSION = 1;
				ENABLE_USER_SCRIPT_SANDBOXING = YES;
				GCC_C_LANGUAGE_STANDARD = gnu17;
				GENERATE_INFOPLIST_FILE = YES;
				IPHONEOS_DEPLOYMENT_TARGET = 17.2;
				LOCALIZATION_PREFERS_STRING_CATALOGS = YES;
				MARKETING_VERSION = 1.0;
				PRODUCT_BUNDLE_IDENTIFIER = "commute-pro.commute-pro-iOSUITests";
				PRODUCT_NAME = "$(TARGET_NAME)";
				SDKROOT = iphoneos;
				SWIFT_ACTIVE_COMPILATION_CONDITIONS = "DEBUG $(inherited)";
				SWIFT_EMIT_LOC_STRINGS = NO;
				SWIFT_VERSION = 5.0;
				TARGETED_DEVICE_FAMILY = "1,2";
				TEST_TARGET_NAME = "commute_pro-iOS";
			};
			name = Debug;
		};
		ACBA1BF92DB085B10026CF49 /* Release */ = {
			isa = XCBuildConfiguration;
			buildSettings = {
				ALWAYS_EMBED_SWIFT_STANDARD_LIBRARIES = YES;
				ASSETCATALOG_COMPILER_GENERATE_SWIFT_ASSET_SYMBOL_EXTENSIONS = YES;
				CLANG_CXX_LANGUAGE_STANDARD = "gnu++20";
				CODE_SIGN_STYLE = Automatic;
				CURRENT_PROJECT_VERSION = 1;
				ENABLE_USER_SCRIPT_SANDBOXING = YES;
				GCC_C_LANGUAGE_STANDARD = gnu17;
				GENERATE_INFOPLIST_FILE = YES;
				IPHONEOS_DEPLOYMENT_TARGET = 17.2;
				LOCALIZATION_PREFERS_STRING_CATALOGS = YES;
				MARKETING_VERSION = 1.0;
				PRODUCT_BUNDLE_IDENTIFIER = "commute-pro.commute-pro-iOSUITests";
				PRODUCT_NAME = "$(TARGET_NAME)";
				SDKROOT = iphoneos;
				SWIFT_EMIT_LOC_STRINGS = NO;
				SWIFT_VERSION = 5.0;
				TARGETED_DEVICE_FAMILY = "1,2";
				TEST_TARGET_NAME = "commute_pro-iOS";
				VALIDATE_PRODUCT = YES;
			};
			name = Release;
		};
		ACDEEB542DAF49CA00001A20 /* Debug */ = {
			isa = XCBuildConfiguration;
			buildSettings = {
				ALWAYS_SEARCH_USER_PATHS = NO;
				CLANG_ANALYZER_NONNULL = YES;
				CLANG_ANALYZER_NUMBER_OBJECT_CONVERSION = YES_AGGRESSIVE;
				CLANG_CXX_LANGUAGE_STANDARD = "gnu++14";
				CLANG_CXX_LIBRARY = "libc++";
				CLANG_ENABLE_MODULES = YES;
				CLANG_ENABLE_OBJC_ARC = YES;
				CLANG_ENABLE_OBJC_WEAK = YES;
				CLANG_WARN_BLOCK_CAPTURE_AUTORELEASING = YES;
				CLANG_WARN_BOOL_CONVERSION = YES;
				CLANG_WARN_COMMA = YES;
				CLANG_WARN_CONSTANT_CONVERSION = YES;
				CLANG_WARN_DEPRECATED_OBJC_IMPLEMENTATIONS = YES;
				CLANG_WARN_DIRECT_OBJC_ISA_USAGE = YES_ERROR;
				CLANG_WARN_DOCUMENTATION_COMMENTS = YES;
				CLANG_WARN_EMPTY_BODY = YES;
				CLANG_WARN_ENUM_CONVERSION = YES;
				CLANG_WARN_INFINITE_RECURSION = YES;
				CLANG_WARN_INT_CONVERSION = YES;
				CLANG_WARN_NON_LITERAL_NULL_CONVERSION = YES;
				CLANG_WARN_OBJC_IMPLICIT_RETAIN_SELF = YES;
				CLANG_WARN_OBJC_LITERAL_CONVERSION = YES;
				CLANG_WARN_OBJC_ROOT_CLASS = YES_ERROR;
				CLANG_WARN_QUOTED_INCLUDE_IN_FRAMEWORK_HEADER = YES;
				CLANG_WARN_RANGE_LOOP_ANALYSIS = YES;
				CLANG_WARN_STRICT_PROTOTYPES = YES;
				CLANG_WARN_SUSPICIOUS_MOVE = YES;
				CLANG_WARN_UNGUARDED_AVAILABILITY = YES_AGGRESSIVE;
				CLANG_WARN_UNREACHABLE_CODE = YES;
				CLANG_WARN__DUPLICATE_METHOD_MATCH = YES;
				COPY_PHASE_STRIP = NO;
				DEBUG_INFORMATION_FORMAT = dwarf;
				ENABLE_STRICT_OBJC_MSGSEND = YES;
				ENABLE_TESTABILITY = YES;
				GCC_C_LANGUAGE_STANDARD = gnu11;
				GCC_DYNAMIC_NO_PIC = NO;
				GCC_NO_COMMON_BLOCKS = YES;
				GCC_OPTIMIZATION_LEVEL = 0;
				GCC_PREPROCESSOR_DEFINITIONS = (
					"DEBUG=1",
					"$(inherited)",
				);
				GCC_WARN_64_TO_32_BIT_CONVERSION = YES;
				GCC_WARN_ABOUT_RETURN_TYPE = YES_ERROR;
				GCC_WARN_UNDECLARED_SELECTOR = YES;
				GCC_WARN_UNINITIALIZED_AUTOS = YES_AGGRESSIVE;
				GCC_WARN_UNUSED_FUNCTION = YES;
				GCC_WARN_UNUSED_VARIABLE = YES;
				MACOSX_DEPLOYMENT_TARGET = 11.1;
				MTL_ENABLE_DEBUG_INFO = INCLUDE_SOURCE;
				MTL_FAST_MATH = YES;
				ONLY_ACTIVE_ARCH = YES;
				SDKROOT = macosx;
				SWIFT_ACTIVE_COMPILATION_CONDITIONS = DEBUG;
				SWIFT_OPTIMIZATION_LEVEL = "-Onone";
			};
			name = Debug;
		};
		ACDEEB552DAF49CA00001A20 /* Release */ = {
			isa = XCBuildConfiguration;
			buildSettings = {
				ALWAYS_SEARCH_USER_PATHS = NO;
				CLANG_ANALYZER_NONNULL = YES;
				CLANG_ANALYZER_NUMBER_OBJECT_CONVERSION = YES_AGGRESSIVE;
				CLANG_CXX_LANGUAGE_STANDARD = "gnu++14";
				CLANG_CXX_LIBRARY = "libc++";
				CLANG_ENABLE_MODULES = YES;
				CLANG_ENABLE_OBJC_ARC = YES;
				CLANG_ENABLE_OBJC_WEAK = YES;
				CLANG_WARN_BLOCK_CAPTURE_AUTORELEASING = YES;
				CLANG_WARN_BOOL_CONVERSION = YES;
				CLANG_WARN_COMMA = YES;
				CLANG_WARN_CONSTANT_CONVERSION = YES;
				CLANG_WARN_DEPRECATED_OBJC_IMPLEMENTATIONS = YES;
				CLANG_WARN_DIRECT_OBJC_ISA_USAGE = YES_ERROR;
				CLANG_WARN_DOCUMENTATION_COMMENTS = YES;
				CLANG_WARN_EMPTY_BODY = YES;
				CLANG_WARN_ENUM_CONVERSION = YES;
				CLANG_WARN_INFINITE_RECURSION = YES;
				CLANG_WARN_INT_CONVERSION = YES;
				CLANG_WARN_NON_LITERAL_NULL_CONVERSION = YES;
				CLANG_WARN_OBJC_IMPLICIT_RETAIN_SELF = YES;
				CLANG_WARN_OBJC_LITERAL_CONVERSION = YES;
				CLANG_WARN_OBJC_ROOT_CLASS = YES_ERROR;
				CLANG_WARN_QUOTED_INCLUDE_IN_FRAMEWORK_HEADER = YES;
				CLANG_WARN_RANGE_LOOP_ANALYSIS = YES;
				CLANG_WARN_STRICT_PROTOTYPES = YES;
				CLANG_WARN_SUSPICIOUS_MOVE = YES;
				CLANG_WARN_UNGUARDED_AVAILABILITY = YES_AGGRESSIVE;
				CLANG_WARN_UNREACHABLE_CODE = YES;
				CLANG_WARN__DUPLICATE_METHOD_MATCH = YES;
				COPY_PHASE_STRIP = NO;
				DEBUG_INFORMATION_FORMAT = "dwarf-with-dsym";
				ENABLE_NS_ASSERTIONS = NO;
				ENABLE_STRICT_OBJC_MSGSEND = YES;
				GCC_C_LANGUAGE_STANDARD = gnu11;
				GCC_NO_COMMON_BLOCKS = YES;
				GCC_WARN_64_TO_32_BIT_CONVERSION = YES;
				GCC_WARN_ABOUT_RETURN_TYPE = YES_ERROR;
				GCC_WARN_UNDECLARED_SELECTOR = YES;
				GCC_WARN_UNINITIALIZED_AUTOS = YES_AGGRESSIVE;
				GCC_WARN_UNUSED_FUNCTION = YES;
				GCC_WARN_UNUSED_VARIABLE = YES;
				MACOSX_DEPLOYMENT_TARGET = 11.1;
				MTL_ENABLE_DEBUG_INFO = NO;
				MTL_FAST_MATH = YES;
				SDKROOT = macosx;
				SWIFT_COMPILATION_MODE = wholemodule;
				SWIFT_OPTIMIZATION_LEVEL = "-O";
			};
			name = Release;
		};
		ACDEEB572DAF49CA00001A20 /* Debug */ = {
			isa = XCBuildConfiguration;
			buildSettings = {
				ASSETCATALOG_COMPILER_APPICON_NAME = AppIcon;
				ASSETCATALOG_COMPILER_GLOBAL_ACCENT_COLOR_NAME = AccentColor;
				CODE_SIGN_ENTITLEMENTS = commute_pro/commute_pro.entitlements;
				CODE_SIGN_STYLE = Automatic;
				COMBINE_HIDPI_IMAGES = YES;
				DEVELOPMENT_ASSET_PATHS = "\"commute_pro/Preview Content\"";
				ENABLE_PREVIEWS = YES;
				INFOPLIST_FILE = commute_pro/Info.plist;
				LD_RUNPATH_SEARCH_PATHS = (
					"$(inherited)",
					"@executable_path/../Frameworks",
				);
				MACOSX_DEPLOYMENT_TARGET = 13.0;
				PRODUCT_BUNDLE_IDENTIFIER = "commute-pro.commute-pro";
				PRODUCT_NAME = "$(TARGET_NAME)";
				SWIFT_VERSION = 5.0;
			};
			name = Debug;
		};
		ACDEEB582DAF49CA00001A20 /* Release */ = {
			isa = XCBuildConfiguration;
			buildSettings = {
				ASSETCATALOG_COMPILER_APPICON_NAME = AppIcon;
				ASSETCATALOG_COMPILER_GLOBAL_ACCENT_COLOR_NAME = AccentColor;
				CODE_SIGN_ENTITLEMENTS = commute_pro/commute_pro.entitlements;
				CODE_SIGN_STYLE = Automatic;
				COMBINE_HIDPI_IMAGES = YES;
				DEVELOPMENT_ASSET_PATHS = "\"commute_pro/Preview Content\"";
				ENABLE_PREVIEWS = YES;
				INFOPLIST_FILE = commute_pro/Info.plist;
				LD_RUNPATH_SEARCH_PATHS = (
					"$(inherited)",
					"@executable_path/../Frameworks",
				);
				MACOSX_DEPLOYMENT_TARGET = 13.0;
				PRODUCT_BUNDLE_IDENTIFIER = "commute-pro.commute-pro";
				PRODUCT_NAME = "$(TARGET_NAME)";
				SWIFT_VERSION = 5.0;
			};
			name = Release;
		};
		ACDEEB5A2DAF49CA00001A20 /* Debug */ = {
			isa = XCBuildConfiguration;
			buildSettings = {
				ALWAYS_EMBED_SWIFT_STANDARD_LIBRARIES = YES;
				BUNDLE_LOADER = "$(TEST_HOST)";
				CODE_SIGN_STYLE = Automatic;
				COMBINE_HIDPI_IMAGES = YES;
				INFOPLIST_FILE = commute_proTests/Info.plist;
				LD_RUNPATH_SEARCH_PATHS = (
					"$(inherited)",
					"@executable_path/../Frameworks",
					"@loader_path/../Frameworks",
				);
				MACOSX_DEPLOYMENT_TARGET = 11.0;
				PRODUCT_BUNDLE_IDENTIFIER = "commute-pro.commute-proTests";
				PRODUCT_NAME = "$(TARGET_NAME)";
				SWIFT_VERSION = 5.0;
				TEST_HOST = "$(BUILT_PRODUCTS_DIR)/Commute Pro.app/Contents/MacOS/Commute Pro";
			};
			name = Debug;
		};
		ACDEEB5B2DAF49CA00001A20 /* Release */ = {
			isa = XCBuildConfiguration;
			buildSettings = {
				ALWAYS_EMBED_SWIFT_STANDARD_LIBRARIES = YES;
				BUNDLE_LOADER = "$(TEST_HOST)";
				CODE_SIGN_STYLE = Automatic;
				COMBINE_HIDPI_IMAGES = YES;
				INFOPLIST_FILE = commute_proTests/Info.plist;
				LD_RUNPATH_SEARCH_PATHS = (
					"$(inherited)",
					"@executable_path/../Frameworks",
					"@loader_path/../Frameworks",
				);
				MACOSX_DEPLOYMENT_TARGET = 11.0;
				PRODUCT_BUNDLE_IDENTIFIER = "commute-pro.commute-proTests";
				PRODUCT_NAME = "$(TARGET_NAME)";
				SWIFT_VERSION = 5.0;
				TEST_HOST = "$(BUILT_PRODUCTS_DIR)/Commute Pro.app/Contents/MacOS/Commute Pro";
			};
			name = Release;
		};
		ACDEEB5D2DAF49CA00001A20 /* Debug */ = {
			isa = XCBuildConfiguration;
			buildSettings = {
				ALWAYS_EMBED_SWIFT_STANDARD_LIBRARIES = YES;
				CODE_SIGN_STYLE = Automatic;
				COMBINE_HIDPI_IMAGES = YES;
				INFOPLIST_FILE = commute_proUITests/Info.plist;
				LD_RUNPATH_SEARCH_PATHS = (
					"$(inherited)",
					"@executable_path/../Frameworks",
					"@loader_path/../Frameworks",
				);
				PRODUCT_BUNDLE_IDENTIFIER = "commute-pro.commute-proUITests";
				PRODUCT_NAME = "$(TARGET_NAME)";
				SWIFT_VERSION = 5.0;
				TEST_TARGET_NAME = commute_pro;
			};
			name = Debug;
		};
		ACDEEB5E2DAF49CA00001A20 /* Release */ = {
			isa = XCBuildConfiguration;
			buildSettings = {
				ALWAYS_EMBED_SWIFT_STANDARD_LIBRARIES = YES;
				CODE_SIGN_STYLE = Automatic;
				COMBINE_HIDPI_IMAGES = YES;
				INFOPLIST_FILE = commute_proUITests/Info.plist;
				LD_RUNPATH_SEARCH_PATHS = (
					"$(inherited)",
					"@executable_path/../Frameworks",
					"@loader_path/../Frameworks",
				);
				PRODUCT_BUNDLE_IDENTIFIER = "commute-pro.commute-proUITests";
				PRODUCT_NAME = "$(TARGET_NAME)";
				SWIFT_VERSION = 5.0;
				TEST_TARGET_NAME = commute_pro;
			};
			name = Release;
		};
/* End XCBuildConfiguration section */

/* Begin XCConfigurationList section */
		ACBA1BF12DB085B10026CF49 /* Build configuration list for PBXNativeTarget "Commute Pro-iOS" */ = {
			isa = XCConfigurationList;
			buildConfigurations = (
				ACBA1BF22DB085B10026CF49 /* Debug */,
				ACBA1BF32DB085B10026CF49 /* Release */,
			);
			defaultConfigurationIsVisible = 0;
			defaultConfigurationName = Release;
		};
		ACBA1BF42DB085B10026CF49 /* Build configuration list for PBXNativeTarget "Commute Pro-iOSTests" */ = {
			isa = XCConfigurationList;
			buildConfigurations = (
				ACBA1BF52DB085B10026CF49 /* Debug */,
				ACBA1BF62DB085B10026CF49 /* Release */,
			);
			defaultConfigurationIsVisible = 0;
			defaultConfigurationName = Release;
		};
		ACBA1BF72DB085B10026CF49 /* Build configuration list for PBXNativeTarget "Commute Pro-iOSUITests" */ = {
			isa = XCConfigurationList;
			buildConfigurations = (
				ACBA1BF82DB085B10026CF49 /* Debug */,
				ACBA1BF92DB085B10026CF49 /* Release */,
			);
			defaultConfigurationIsVisible = 0;
			defaultConfigurationName = Release;
		};
		ACDEEB262DAF49C900001A20 /* Build configuration list for PBXProject "Commute Pro" */ = {
			isa = XCConfigurationList;
			buildConfigurations = (
				ACDEEB542DAF49CA00001A20 /* Debug */,
				ACDEEB552DAF49CA00001A20 /* Release */,
			);
			defaultConfigurationIsVisible = 0;
			defaultConfigurationName = Release;
		};
		ACDEEB562DAF49CA00001A20 /* Build configuration list for PBXNativeTarget "Commute Pro" */ = {
			isa = XCConfigurationList;
			buildConfigurations = (
				ACDEEB572DAF49CA00001A20 /* Debug */,
				ACDEEB582DAF49CA00001A20 /* Release */,
			);
			defaultConfigurationIsVisible = 0;
			defaultConfigurationName = Release;
		};
		ACDEEB592DAF49CA00001A20 /* Build configuration list for PBXNativeTarget "Commute ProTests" */ = {
			isa = XCConfigurationList;
			buildConfigurations = (
				ACDEEB5A2DAF49CA00001A20 /* Debug */,
				ACDEEB5B2DAF49CA00001A20 /* Release */,
			);
			defaultConfigurationIsVisible = 0;
			defaultConfigurationName = Release;
		};
		ACDEEB5C2DAF49CA00001A20 /* Build configuration list for PBXNativeTarget "Commute ProUITests" */ = {
			isa = XCConfigurationList;
			buildConfigurations = (
				ACDEEB5D2DAF49CA00001A20 /* Debug */,
				ACDEEB5E2DAF49CA00001A20 /* Release */,
			);
			defaultConfigurationIsVisible = 0;
			defaultConfigurationName = Release;
		};
/* End XCConfigurationList section */

/* Begin XCVersionGroup section */
		ACDEEB392DAF49CA00001A20 /* commute_pro.xcdatamodeld */ = {
			isa = XCVersionGroup;
			children = (
				ACDEEB3A2DAF49CA00001A20 /* commute_pro.xcdatamodel */,
			);
			currentVersion = ACDEEB3A2DAF49CA00001A20 /* commute_pro.xcdatamodel */;
			path = commute_pro.xcdatamodeld;
			sourceTree = "<group>";
			versionGroupType = wrapper.xcdatamodel;
		};
/* End XCVersionGroup section */
	};
	rootObject = ACDEEB232DAF49C900001A20 /* Project object */;
}
